<?xml version="1.0" encoding="utf-8"?>
<Project ToolsVersion="4.0" xmlns="http://schemas.microsoft.com/developer/msbuild/2003">
  <ItemGroup>
    <ClCompile Include="Air.cpp" />
    <ClCompile Include="Amnis.cpp" />
    <ClCompile Include="BackGraund.cpp" />
    <ClCompile Include="BackGroundLayer.cpp" />
    <ClCompile Include="Biome.cpp" />
    <ClCompile Include="BiomeAir.cpp" />
    <ClCompile Include="Block.cpp" />
    <ClCompile Include="BlockSpawner.cpp" />
    <ClCompile Include="Button.cpp" />
    <ClCompile Include="ButtonGroup.cpp" />
    <ClCompile Include="ByteHelper.cpp" />
    <ClCompile Include="Chunk.cpp" />
    <ClCompile Include="ChunkThread.cpp" />
    <ClCompile Include="Content.cpp" />
    <ClCompile Include="Controller.cpp" />
    <ClCompile Include="ConvertChunkToData.cpp" />
    <ClCompile Include="ConvertRegionData.cpp" />
    <ClCompile Include="Cursor.cpp" />
    <ClCompile Include="Dirt.cpp" />
    <ClCompile Include="EditChunkHelper.cpp" />
    <ClCompile Include="Entity.cpp" />
    <ClCompile Include="Event.cpp" />
    <ClCompile Include="EventSetWhite.cpp" />
    <ClCompile Include="EventTakeItemCell.cpp" />
    <ClCompile Include="FreeCamera.cpp" />
    <ClCompile Include="Game.cpp" />
    <ClCompile Include="glb.cpp" />
    <ClCompile Include="Grass.cpp" />
    <ClCompile Include="ICloseObject.cpp" />
    <ClCompile Include="IInventory.cpp" />
    <ClCompile Include="IntersectedEntity.cpp" />
    <ClCompile Include="InventoredMob.cpp" />
    <ClCompile Include="Inventory.cpp" />
    <ClCompile Include="Item.cpp" />
    <ClCompile Include="ItemConteiner.cpp" />
    <ClCompile Include="InventoryItemsField.cpp" />
    <ClCompile Include="ItemHotCell.cpp" />
    <ClCompile Include="ItemHotPanel.cpp" />
    <ClCompile Include="LightingShader.cpp" />
    <ClCompile Include="Map.cpp" />
    <ClCompile Include="Mob.cpp" />
    <ClCompile Include="Mountains.cpp" />
    <ClCompile Include="OpenGLEngine\Alter.cpp" />
    <ClCompile Include="OpenGLEngine\Alterable.cpp" />
    <ClCompile Include="Application.cpp" />
    <ClCompile Include="OpenGLEngine\DefaultShader.cpp" />
    <ClCompile Include="EdgeOfTheUniverse.cpp" />
    <ClCompile Include="OpenGLEngine\FloatRect.cpp" />
    <ClCompile Include="OpenGLEngine\IBO.cpp" />
    <ClCompile Include="OpenGLEngine\IDraw.cpp" />
    <ClCompile Include="OpenGLEngine\RectangleShape.cpp" />
    <ClCompile Include="OpenGLEngine\Renderer.cpp" />
    <ClCompile Include="OpenGLEngine\RenderWindow.cpp" />
    <ClCompile Include="OpenGLEngine\Shader.cpp" />
    <ClCompile Include="OpenGLEngine\Shape.cpp" />
    <ClCompile Include="OpenGLEngine\Texture.cpp" />
    <ClCompile Include="OpenGLEngine\VAO.cpp" />
    <ClCompile Include="OpenGLEngine\VBO.cpp" />
    <ClCompile Include="Panel.cpp" />
    <ClCompile Include="PerlinNoise.cpp" />
    <ClCompile Include="Player.cpp" />
    <ClCompile Include="Property.cpp" />
    <ClCompile Include="PropertyManager.cpp" />
    <ClCompile Include="RandomCoor.cpp" />
    <ClCompile Include="Registery.cpp" />
    <ClCompile Include="RegisteryBiome.cpp" />
    <ClCompile Include="RegisteryBlocks.cpp" />
    <ClCompile Include="RegisteryEntity.cpp" />
    <ClCompile Include="RockLayer.cpp" />
    <ClCompile Include="ShadowManager.cpp" />
    <ClCompile Include="Slider.cpp" />
    <ClCompile Include="Slime.cpp" />
    <ClCompile Include="Stone.cpp" />
    <ClCompile Include="Stone_Sword.cpp" />
    <ClCompile Include="TBO.cpp" />
    <ClCompile Include="TestConteiner.cpp" />
    <ClCompile Include="UI.cpp" />
    <ClCompile Include="UICanvas.cpp" />
    <ClCompile Include="UIPlayerInterface.cpp" />
    <ClCompile Include="Vacuum.cpp" />
    <ClCompile Include="World.cpp" />
  </ItemGroup>
  <ItemGroup>
    <ClInclude Include="Air.h" />
    <ClInclude Include="AlterableHeader.h" />
    <ClInclude Include="Amnis.h" />
    <ClInclude Include="BackGraund.h" />
    <ClInclude Include="BackGroundLayer.h" />
    <ClInclude Include="Biome.h" />
    <ClInclude Include="BiomeAir.h" />
    <ClInclude Include="Block.h" />
    <ClInclude Include="BlockSpawner.h" />
    <ClInclude Include="Button.h" />
    <ClInclude Include="ButtonEvents.h" />
    <ClInclude Include="ButtonGroup.h" />
    <ClInclude Include="ByteHelper.h" />
    <ClInclude Include="Chunk.h" />
    <ClInclude Include="ChunkThread.h" />
    <ClInclude Include="Content.h" />
    <ClInclude Include="Controller.h" />
    <ClInclude Include="ConvertChunkToData.h" />
    <ClInclude Include="ConvertRegionData.h" />
    <ClInclude Include="Cursor.h" />
    <ClInclude Include="Dirt.h" />
    <ClInclude Include="EditChunkHelper.h" />
    <ClInclude Include="Entity.h" />
    <ClInclude Include="Event.h" />
    <ClInclude Include="EventSetWhite.h" />
    <ClInclude Include="EventTakeItemCell.h" />
    <ClInclude Include="FreeCamera.h" />
    <ClInclude Include="Game.h" />
    <ClInclude Include="glb.h" />
    <ClInclude Include="Grass.h" />
    <ClInclude Include="IButton.h" />
    <ClInclude Include="ICloseObject.h" />
    <ClInclude Include="IInventory.h" />
    <ClInclude Include="IntersectedEntity.h" />
    <ClInclude Include="InventoredMob.h" />
    <ClInclude Include="Inventory.h" />
    <ClInclude Include="Item.h" />
    <ClInclude Include="ItemConteiner.h" />
    <ClInclude Include="InventoryItemsField.h" />
    <ClInclude Include="ITakeble.h" />
    <ClInclude Include="ItemHotCell.h" />
    <ClInclude Include="ItemHotPanel.h" />
    <ClInclude Include="LightingShader.h" />
    <ClInclude Include="Map.h" />
    <ClInclude Include="Mob.h" />
    <ClInclude Include="Mountains.h" />
    <ClInclude Include="OpenGLEngine\Alter.h" />
    <ClInclude Include="OpenGLEngine\Alterable.h" />
    <ClInclude Include="Application.h" />
    <ClInclude Include="OpenGLEngine\DefaultShader.h" />
    <ClInclude Include="OpenGLEngine\FloatRect.h" />
    <ClInclude Include="OpenGLEngine\IBO.h" />
    <ClInclude Include="OpenGLEngine\IDraw.h" />
    <ClInclude Include="OpenGLEngine\RectangleShape.h" />
    <ClInclude Include="OpenGLEngine\Renderer.h" />
    <ClInclude Include="OpenGLEngine\RenderWindow.h" />
    <ClInclude Include="OpenGLEngine\Shader.h" />
    <ClInclude Include="OpenGLEngine\Shape.h" />
    <ClInclude Include="OpenGLEngine\Texture.h" />
    <ClInclude Include="OpenGLEngine\VAO.h" />
    <ClInclude Include="OpenGLEngine\VBO.h" />
    <ClInclude Include="Panel.h" />
    <ClInclude Include="PerlinNoise.h" />
    <ClInclude Include="Player.h" />
    <ClInclude Include="Property.h" />
    <ClInclude Include="PropertyManager.h" />
    <ClInclude Include="RandomCoor.h" />
    <ClInclude Include="Registery.h" />
    <ClInclude Include="RegisteryBiome.h" />
    <ClInclude Include="RegisteryBlocks.h" />
    <ClInclude Include="RegisteryEntity.h" />
    <ClInclude Include="RockLayer.h" />
    <ClInclude Include="ShadowManager.h" />
    <ClInclude Include="Slider.h" />
    <ClInclude Include="Slime.h" />
    <ClInclude Include="Stone.h" />
    <ClInclude Include="Stone_Sword.h" />
    <ClInclude Include="TBO.h" />
    <ClInclude Include="TestConteiner.h" />
    <ClInclude Include="UI.h" />
    <ClInclude Include="UICanvas.h" />
    <ClInclude Include="UIPlayerInterface.h" />
    <ClInclude Include="Vacuum.h" />
    <ClInclude Include="World.h" />
  </ItemGroup>
  <ItemGroup>
    <None Include="Resources\Shaders\DefaultShader.frag" />
    <None Include="Resources\Shaders\DefaultShader.vert" />
    <None Include="Resources\Shaders\LightingShader.frag" />
  </ItemGroup>
</Project>